
Microsoft Visual Studio Solution File, Format Version 12.00
# Visual Studio Version 17
VisualStudioVersion = 17.4.33213.308
MinimumVisualStudioVersion = 10.0.40219.1
Project("{FAE04EC0-301F-11D3-BF4B-00C04F79EFBC}") = "Model", "Model\Model.csproj", "{4AE3EA9D-2069-4157-B7E3-FC36233E682E}"
EndProject
Project("{FAE04EC0-301F-11D3-BF4B-00C04F79EFBC}") = "WebUI", "WebUI\WebUI.csproj", "{CA5DBC1B-AD25-4816-A712-E8EB5B9F0B5C}"
EndProject
Global
	GlobalSection(SolutionConfigurationPlatforms) = preSolution
		Debug|Any CPU = Debug|Any CPU
		Release|Any CPU = Release|Any CPU
	EndGlobalSection
	GlobalSection(ProjectConfigurationPlatforms) = postSolution
		{4AE3EA9D-2069-4157-B7E3-FC36233E682E}.Debug|Any CPU.ActiveCfg = Debug|Any CPU
		{4AE3EA9D-2069-4157-B7E3-FC36233E682E}.Debug|Any CPU.Build.0 = Debug|Any CPU
		{4AE3EA9D-2069-4157-B7E3-FC36233E682E}.Release|Any CPU.ActiveCfg = Release|Any CPU
		{4AE3EA9D-2069-4157-B7E3-FC36233E682E}.Release|Any CPU.Build.0 = Release|Any CPU
		{CA5DBC1B-AD25-4816-A712-E8EB5B9F0B5C}.Debug|Any CPU.ActiveCfg = Debug|Any CPU
		{CA5DBC1B-AD25-4816-A712-E8EB5B9F0B5C}.Debug|Any CPU.Build.0 = Debug|Any CPU
		{CA5DBC1B-AD25-4816-A712-E8EB5B9F0B5C}.Release|Any CPU.ActiveCfg = Release|Any CPU
		{CA5DBC1B-AD25-4816-A712-E8EB5B9F0B5C}.Release|Any CPU.Build.0 = Release|Any CPU
	EndGlobalSection
	GlobalSection(SolutionProperties) = preSolution
		HideSolutionNode = FALSE
	EndGlobalSection
	GlobalSection(ExtensibilityGlobals) = postSolution
		SolutionGuid = {92EF19F6-1056-4CA2-B884-D66945BFF205}
	EndGlobalSection
EndGlobal
